
Microsoft Visual Studio Solution File, Format Version 12.00
# Visual Studio Version 17
VisualStudioVersion = 17.11.35327.3
MinimumVisualStudioVersion = 10.0.40219.1
Project("{9A19103F-16F7-4668-BE54-9A1E7A4F7556}") = "AdventOfCode2024", "AdventOfCode2024\AdventOfCode2024.csproj", "{1EACBC7A-089B-4C0F-BE9E-95AF5D360109}"
EndProject
Project("{FAE04EC0-301F-11D3-BF4B-00C04F79EFBC}") = "AdventOfCode2024.Tests", "AdventOfCode2024.Tests\AdventOfCode2024.Tests.csproj", "{FCB071C1-0548-48D7-8660-0B79DCE6430F}"
EndProject
Global
	GlobalSection(SolutionConfigurationPlatforms) = preSolution
		Debug|Any CPU = Debug|Any CPU
		Release|Any CPU = Release|Any CPU
	EndGlobalSection
	GlobalSection(ProjectConfigurationPlatforms) = postSolution
		{1EACBC7A-089B-4C0F-BE9E-95AF5D360109}.Debug|Any CPU.ActiveCfg = Debug|Any CPU
		{1EACBC7A-089B-4C0F-BE9E-95AF5D360109}.Debug|Any CPU.Build.0 = Debug|Any CPU
		{1EACBC7A-089B-4C0F-BE9E-95AF5D360109}.Release|Any CPU.ActiveCfg = Release|Any CPU
		{1EACBC7A-089B-4C0F-BE9E-95AF5D360109}.Release|Any CPU.Build.0 = Release|Any CPU
		{FCB071C1-0548-48D7-8660-0B79DCE6430F}.Debug|Any CPU.ActiveCfg = Debug|Any CPU
		{FCB071C1-0548-48D7-8660-0B79DCE6430F}.Debug|Any CPU.Build.0 = Debug|Any CPU
		{FCB071C1-0548-48D7-8660-0B79DCE6430F}.Release|Any CPU.ActiveCfg = Release|Any CPU
		{FCB071C1-0548-48D7-8660-0B79DCE6430F}.Release|Any CPU.Build.0 = Release|Any CPU
	EndGlobalSection
	GlobalSection(SolutionProperties) = preSolution
		HideSolutionNode = FALSE
	EndGlobalSection
	GlobalSection(ExtensibilityGlobals) = postSolution
		SolutionGuid = {9ED153F4-89CC-4488-B758-ED814D4748FD}
	EndGlobalSection
EndGlobal
